PODS:
  - AliyunOSSmacOS (2.6.2)

DEPENDENCIES:
  - AliyunOSSmacOS (from `.`)

EXTERNAL SOURCES:
  AliyunOSSmacOS:
    :path: .

SPEC CHECKSUMS:
  AliyunOSSmacOS: 989da71fc6934b6866b6455d9b434b927ab90852

PODFILE CHECKSUM: 58a5aae938280d04573a7061aca0bcbb8ce8d61f

COCOAPODS: 1.3.1

COCOAPODS DEPLOY: 0.0.11
